$NetBSD: patch-Cargo.lock,v 1.1 2024/09/02 01:01:11 schmonz Exp $

Specified version isn't fetchable; specify a recent one that is (and
otherwise matches what's needed).

--- Cargo.lock.orig	2024-09-02 00:33:11.791294165 +0000
+++ Cargo.lock
@@ -158,9 +158,9 @@ dependencies = [
 
 [[package]]
 name = "curl-sys"
-version = "0.4.74+curl-8.9.0"
+version = "0.4.72+curl-8.6.0"
 source = "registry+https://github.com/rust-lang/crates.io-index"
-checksum = "8af10b986114528fcdc4b63b6f5f021b7057618411046a4de2ba0f0149a097bf"
+checksum = "29cbdc8314c447d11e8fd156dcdd031d9e02a7a976163e396b548c03153bc9ea"
 dependencies = [
  "cc",
  "libc",
