$NetBSD: patch-Cargo.lock,v 1.1 2026/03/29 09:10:55 wiz Exp $

--- Cargo.lock.orig	2026-03-29 08:57:59.477912891 +0000
+++ Cargo.lock
@@ -3272,9 +3272,9 @@ name = "metrics"
 
 [[package]]
 name = "metrics"
-version = "0.23.0"
+version = "0.23.1"
 source = "registry+https://github.com/rust-lang/crates.io-index"
-checksum = "884adb57038347dfbaf2d5065887b6cf4312330dc8e94bc30a1a839bd79d3261"
+checksum = "3045b4193fbdc5b5681f32f11070da9be3609f189a79f3390706d42587f46bb5"
 dependencies = [
  "ahash",
  "portable-atomic",
