$NetBSD: patch-Cargo.lock,v 1.1 2023/04/05 23:12:59 nikita Exp $

Patch out the git source request for iai

--- Cargo.lock.orig	2023-04-06 00:32:49.221055648 +0200
+++ Cargo.lock	2023-04-06 00:36:49.595689544 +0200
@@ -591,7 +591,7 @@
 [[package]]
 name = "iai"
 version = "0.1.1"
-source = "git+https://github.com/reknih/iai#3f0f92736408ebce6545808b98e0cb2aea89b7dd"
+source = "registry+https://github.com/rust-lang/crates.io-index"
 dependencies = [
  "cfg-if",
 ]
