$NetBSD: patch-Cargo.lock,v 1.1 2025/02/23 07:52:58 wiz Exp $

Use libc with NetBSD getmntinfo fix.

--- Cargo.lock.orig	2024-12-20 11:49:42.000000000 +0000
+++ Cargo.lock
@@ -1397,9 +1397,9 @@ checksum = "03087c2bad5e1034e8cace5926de
 
 [[package]]
 name = "libc"
-version = "0.2.168"
+version = "0.2.170"
 source = "registry+https://github.com/rust-lang/crates.io-index"
-checksum = "5aaeb2981e0606ca11d79718f8bb01164f1d6ed75080182d3abf017e6d244b6d"
+checksum = "875b3680cb2f8f71bdcf9a30f38d48282f5d3c95cbf9b3fa57269bb5d5c06828"
 
 [[package]]
 name = "libfuzzer-sys"
