$NetBSD: patch-Cargo.lock,v 1.5 2025/07/22 14:36:15 he Exp $

--- Cargo.lock.orig	2025-07-22 12:09:27.880810970 +0000
+++ Cargo.lock
@@ -1749,6 +1749,11 @@ dependencies = [
 ]
 
 [[package]]
+name = "portable-atomic"
+version = "1.11.1"
+source = "git+https://github.com/taiki-e/portable-atomic.git#7a0b15b867790ad384ae0e8edaddc7d8b4e75800"
+
+[[package]]
 name = "powerfmt"
 version = "0.2.0"
 source = "registry+https://github.com/rust-lang/crates.io-index"
@@ -3197,6 +3202,7 @@ dependencies = [
  "clap_complete_fig",
  "clap_complete_nushell",
  "crossterm",
+ "portable-atomic",
  "serde",
  "serde_json",
  "tokio",
