$NetBSD: patch-Cargo.lock,v 1.1 2025/07/22 11:30:40 he Exp $

Add portable-atomic.

--- Cargo.lock.orig	2025-07-22 06:55:07.614134588 +0000
+++ Cargo.lock
@@ -1459,6 +1459,12 @@ dependencies = [
 ]
 
 [[package]]
+name = "portable-atomic"
+version = "1.11.1"
+source = "registry+https://github.com/rust-lang/crates.io-index"
+checksum = "f84267b20a16ea918e43c6a88433c2d54fa145c92a811b5b047ccbe153674483"
+
+[[package]]
 name = "predicates"
 version = "2.1.5"
 source = "registry+https://github.com/rust-lang/crates.io-index"
@@ -1523,6 +1529,7 @@ dependencies = [
  "log",
  "nom",
  "notify-debouncer-full",
+ "portable-atomic",
  "rust_search",
  "scopeguard",
  "serde",
