$NetBSD: patch-Cargo.lock,v 1.1 2022/05/28 10:56:07 wiz Exp $

https://github.com/rust-lang/rust-analyzer/commit/364dd5ff89d06c4d5dd802ae5af19b9fa62117b5

--- Cargo.lock.orig	2022-05-22 18:16:57.000000000 +0000
+++ Cargo.lock
@@ -982,9 +982,9 @@ dependencies = [
 
 [[package]]
 name = "notify"
-version = "5.0.0-pre.14"
+version = "5.0.0-pre.15"
 source = "registry+https://github.com/rust-lang/crates.io-index"
-checksum = "d13c22db70a63592e098fb51735bab36646821e6389a0ba171f3549facdf0b74"
+checksum = "553f9844ad0b0824605c20fb55a661679782680410abfb1a8144c2e7e437e7a7"
 dependencies = [
  "bitflags",
  "crossbeam-channel",
