$NetBSD: patch-Cargo.lock,v 1.1 2021/04/06 20:40:12 wiz Exp $

Fix for CVE-2020-35711.

--- Cargo.lock.orig	2021-01-10 13:55:04.000000000 +0000
+++ Cargo.lock
@@ -36,9 +36,9 @@ dependencies = [
 
 [[package]]
 name = "arc-swap"
-version = "0.4.4"
+version = "0.4.8"
 source = "registry+https://github.com/rust-lang/crates.io-index"
-checksum = "d7b8a9123b8027467bce0099fe556c628a53c8d83df0507084c31e9ba2e39aff"
+checksum = "dabe5a181f83789739c194cbe5a897dde195078fac08568d09221fd6137a7ba8"
 
 [[package]]
 name = "arrayref"
