$NetBSD: patch-src___bcrypt_Cargo.lock,v 1.1 2024/05/03 19:19:20 he Exp $

Try to use a newer version of pyo3, ref.
https://github.com/PyO3/pyo3/issues/4153

--- src/_bcrypt/Cargo.lock.orig	2023-12-15 14:39:10.000000000 +0000
+++ src/_bcrypt/Cargo.lock
@@ -243,9 +243,9 @@ dependencies = [
 
 [[package]]
 name = "pyo3"
-version = "0.20.0"
+version = "0.20.3"
 source = "registry+https://github.com/rust-lang/crates.io-index"
-checksum = "04e8453b658fe480c3e70c8ed4e3d3ec33eb74988bd186561b0cc66b85c3bc4b"
+checksum = "53bdbb96d49157e65d45cc287af5f32ffadd5f4761438b527b055fb0d4bb8233"
 dependencies = [
  "cfg-if",
  "indoc",
